lockfile_version: '1'
generated_at: '2026-06-18T10:00:51.527497+00:00'
apm_version: 0.20.0
dependencies:
- repo_url: mekras/ai-agent-supervisor
  host: github.com
  resolved_commit: 8fd3a67c48dcc5a6703daa4f5ba2f840df993d48
  resolved_ref: ^0.2.0
  package_type: skill_bundle
  content_hash: sha256:0b5339ce59d6a2db86e2804efefc822846eb27d015484237f7f5df92c78884fe
- repo_url: mekras/ai-dev-team
  host: github.com
  resolved_commit: 0e92dfd15ebd18adb8b5a77a4e67f9adbd8ad102
  resolved_ref: ^0.3.0
  package_type: apm_package
  deployed_files:
  - .agents/skills/ait-docs-concept
  - .agents/skills/ait-docs-concept/SKILL.md
  - .agents/skills/ait-docs-concept/assets/concept-template.md
  - .agents/skills/ait-docs-concept/evals/triggers.json
  - .agents/skills/ait-docs-concept/references/concept-dialogue.md
  - .agents/skills/ait-setup
  - .agents/skills/ait-setup/SKILL.md
  - .agents/skills/ait-setup/assets/minimal-files.md
  - .agents/skills/ait-setup/assets/project-AGENTS.md
  - .agents/skills/ait-setup/evals/result-scenarios.json
  - .agents/skills/ait-setup/evals/triggers.json
  - .agents/skills/ait-setup/references/setup-dialogue.md
  - .agents/skills/analysis
  - .agents/skills/analysis/SKILL.md
  - .agents/skills/documentation-structure-audit
  - .agents/skills/documentation-structure-audit/SKILL.md
  - .agents/skills/documentation-structure-audit/evals/triggers.json
  - .agents/skills/documentation-structure-design
  - .agents/skills/documentation-structure-design/SKILL.md
  - .agents/skills/documentation-structure-design/evals/triggers.json
  - .agents/skills/documentation-structure-rules
  - .agents/skills/documentation-structure-rules/SKILL.md
  - .agents/skills/documentation-structure-rules/evals/triggers.json
  - .agents/skills/private-project-knowledge
  - .agents/skills/private-project-knowledge/SKILL.md
  - .agents/skills/private-project-knowledge/evals/triggers.json
  - .agents/skills/private-project-knowledge/references/local-layer.md
  - .agents/skills/project-management
  - .agents/skills/project-management/SKILL.md
  - .agents/skills/project-management/references/skill-index.md
  - .agents/skills/project-readme
  - .agents/skills/project-readme/SKILL.md
  - .agents/skills/project-readme/evals/apm-skill-collection.md
  - .agents/skills/project-readme/evals/installation-vs-project-connection.md
  - .agents/skills/project-readme/evals/user-entry.md
  - .agents/skills/requirements-analysis
  - .agents/skills/requirements-analysis/SKILL.md
  - .agents/skills/requirements-analysis/evals/triggers.json
  - .agents/skills/requirements-elicitation
  - .agents/skills/requirements-elicitation/SKILL.md
  - .agents/skills/requirements-elicitation/evals/triggers.json
  - .agents/skills/requirements-management
  - .agents/skills/requirements-management/SKILL.md
  - .agents/skills/requirements-management/evals/triggers.json
  - .agents/skills/requirements-specification
  - .agents/skills/requirements-specification/SKILL.md
  - .agents/skills/requirements-specification/evals/triggers.json
  - .agents/skills/requirements-validation
  - .agents/skills/requirements-validation/SKILL.md
  - .agents/skills/requirements-validation/evals/triggers.json
  - .agents/skills/software-architecture
  - .agents/skills/software-architecture/SKILL.md
  - .agents/skills/software-architecture/evals/triggers.json
  - .agents/skills/software-architecture/references/component-design.md
  - .agents/skills/software-architecture/references/core-principles.md
  - .agents/skills/software-architecture/references/decision-workflow.md
  - .agents/skills/software-architecture/references/domain-modeling.md
  - .agents/skills/software-architecture/references/quality-criteria.md
  - .agents/skills/software-architecture/references/system-complexity.md
  - .agents/skills/software-architecture/references/task-protocol.md
  - .agents/skills/technical-writing
  - .agents/skills/technical-writing/SKILL.md
  - .agents/skills/technical-writing/assets/document-design-template.md
  - .agents/skills/technical-writing/assets/documentation-structure-template.md
  - .codex/agents/analyst.toml
  - .codex/agents/legal.toml
  - .codex/agents/normalizer.toml
  - .codex/agents/project-manager.toml
  - .codex/agents/requirements-analyst.toml
  - .codex/agents/software-architect.toml
  - .codex/agents/source-inventory.toml
  - .codex/agents/statement-extractor.toml
  - .codex/agents/technical-writer.toml
  deployed_file_hashes:
    .agents/skills/ait-docs-concept/SKILL.md: sha256:2a4b32ecabcfd0ee87aab22704d01b60790157440d590fdc0ba488838c5e1f89
    .agents/skills/ait-docs-concept/assets/concept-template.md: sha256:c9395fdc21c72c2944bb0a0666a0d316fad1762be9446e62744b82456fd82215
    .agents/skills/ait-docs-concept/evals/triggers.json: sha256:ca05242bb3387c94158346e1931f698b0bbfb61beb95c0d344d7f91ef03291db
    .agents/skills/ait-docs-concept/references/concept-dialogue.md: sha256:f7591821690a1b453bea1a63f403fb102e86f3458962442b6f54cf99cdc73c6a
    .agents/skills/ait-setup/SKILL.md: sha256:4b632cefbc56814e49dfec9e134cbcbf6c03f82085a4209452feffcfd47d0213
    .agents/skills/ait-setup/assets/minimal-files.md: sha256:c0fb6efb2161f73c03501efbd3242bb83cdba511c11c67b6123febc55d45f94a
    .agents/skills/ait-setup/assets/project-AGENTS.md: sha256:899b7a7aeb625e56175e83c177ca645b56084f58d9bf8077c7f35744ca8e4779
    .agents/skills/ait-setup/evals/result-scenarios.json: sha256:8e56fa9341f23cf6b0d9898ca562644e7f98f9903b71ca316aeb3c966fc3805a
    .agents/skills/ait-setup/evals/triggers.json: sha256:00f153a826f5ca1bbab063e22b1836b4ea926f12bf8c376fb401ba9cac335ce3
    .agents/skills/ait-setup/references/setup-dialogue.md: sha256:d2cc59f7fb1aee10b3b0c673e03626772699a1559217bfbf8b69f4972e8125c6
    .agents/skills/analysis/SKILL.md: sha256:05046689b95ad48b5184b1d631eda86447389f8e36853621ce8cd321b9d32f65
    .agents/skills/documentation-structure-audit/SKILL.md: sha256:b5a8df13283b4bf9b304617354e883fb85fe98f80f46efb8c028c1d7d9d0dea8
    .agents/skills/documentation-structure-audit/evals/triggers.json: sha256:4a2270197ba1432f3cc24121eae6e9455e7735d5a31dc7a86979d5aed82c342f
    .agents/skills/documentation-structure-design/SKILL.md: sha256:3f8d4f39f7a292a241ba539e5c11d93e001d1ef1e9391b97298054c0469b296b
    .agents/skills/documentation-structure-design/evals/triggers.json: sha256:e729e856ef579746bfed75f0cff22fd38cf05d8b289d92bf7fd1491ec33ffdc8
    .agents/skills/documentation-structure-rules/SKILL.md: sha256:41402884e3b3e57cf3514854f9207e9cd4dade8f2416ba8d61671fe733f2e9b8
    .agents/skills/documentation-structure-rules/evals/triggers.json: sha256:60e1466f6e9dad570562b660bebbb3f066faed61eb08056edfc92d8978466bcc
    .agents/skills/private-project-knowledge/SKILL.md: sha256:1d63f8181de870845052fbfa78b7fc39c0ab3fc8737448c2fa5dfa29669980d9
    .agents/skills/private-project-knowledge/evals/triggers.json: sha256:866a2dfad67a722b13b0c466ca861de25533cdd5d3718912dc56e470f971097a
    .agents/skills/private-project-knowledge/references/local-layer.md: sha256:66dc23b44447980f3b03e0b210df92e25e4b3b8ff3e64f9be312c1cb5d854649
    .agents/skills/project-management/SKILL.md: sha256:79344eb9ba400658b817b69d1b744f302a61a4d2c1baba7bc24d924a00dd0c7c
    .agents/skills/project-management/references/skill-index.md: sha256:73265df5764d4bfe3ffad81408f975cafa1694f73ab355dd0e19723116de8f1b
    .agents/skills/project-readme/SKILL.md: sha256:1c191a892f5c38176ac62e7581bd81c1967eb8507b2d225af1912a745bbd16b1
    .agents/skills/project-readme/evals/apm-skill-collection.md: sha256:9fe6e4ccafe389d25111bbe4447b77f90e3740ddd207dcb0815fe15ac1da87ca
    .agents/skills/project-readme/evals/installation-vs-project-connection.md: sha256:f6872fa1674f995a2d67d34ee46fb01a16fa66ca58a8109df2e0a4eb95f71298
    .agents/skills/project-readme/evals/user-entry.md: sha256:79db398e1e7eb1c846054d4469dd0abef52d2458d7ea9f5273eded690d6a787b
    .agents/skills/requirements-analysis/SKILL.md: sha256:0f0ac02b9ce8b2e62d9ad0e41cd8dbb54528c26022f97b63f9e0fb20e6e335a3
    .agents/skills/requirements-analysis/evals/triggers.json: sha256:8445c14c45ac8b93caaf08122bcec51b0213ee191b60158a1d56522a19b006d5
    .agents/skills/requirements-elicitation/SKILL.md: sha256:a3a14d0abba5d60b470b58f86bd44a35c8b028774064bd8f86fd2c409a547eab
    .agents/skills/requirements-elicitation/evals/triggers.json: sha256:4e118fa4176c4928c6bbda820ba4582be643223b166140d64a63ca947a6eb52b
    .agents/skills/requirements-management/SKILL.md: sha256:bf3d904f438a9638cde6b9f060ccdd761c05204b4342df8eddf53d13e67e54b8
    .agents/skills/requirements-management/evals/triggers.json: sha256:a763461b5740cc5c7fbe6080531ebed055c5e5d9825567f205933d591d5e2a1f
    .agents/skills/requirements-specification/SKILL.md: sha256:13dc10e59c346a920e4fe4f3308757d834a63defb50d886e797677ffd070879f
    .agents/skills/requirements-specification/evals/triggers.json: sha256:548b12ea35fc6ccfd916eb68f1f3340412dcfb77f534b8f8c1db227a9c1d9ce2
    .agents/skills/requirements-validation/SKILL.md: sha256:c4f33b021005d20c5bb42989e3672802e7011afd4020624f1f254167ef159d03
    .agents/skills/requirements-validation/evals/triggers.json: sha256:9834f179500872670ab9abd2db844f225cf935ff0753f990bfbff3e894862b0d
    .agents/skills/software-architecture/SKILL.md: sha256:335df077cad71e633b7918b7aafd3ed677b244db5446804295f7ba2a2e9b62ad
    .agents/skills/software-architecture/evals/triggers.json: sha256:38fdcb1424eec092d15815521e3ebf612611a90895b387b90cc1763bc293b37c
    .agents/skills/software-architecture/references/component-design.md: sha256:6b7a520565d64bbb50675b80c34887d150279d0edf1576d1b897c7705ff09c3b
    .agents/skills/software-architecture/references/core-principles.md: sha256:ce47a315f510b2b6436343d0520db4542f36ba0c1f20465dca8f000e1bf53a8f
    .agents/skills/software-architecture/references/decision-workflow.md: sha256:8a2506842e8f352dba587c9fe20ed59189a6e46671c08eca3877ea69e23b8f83
    .agents/skills/software-architecture/references/domain-modeling.md: sha256:6d591feb51dac5753cb085d9ac12bdd53a274668bb2596c6c5361752045fd272
    .agents/skills/software-architecture/references/quality-criteria.md: sha256:da2f69c2adf7c841ed485e6456b050cbad54c00614821b1801d62c0dd6c041bb
    .agents/skills/software-architecture/references/system-complexity.md: sha256:b0750f0b1342bd7a9cf825bca96c963350884a3f8665712e1b6df3035749975f
    .agents/skills/software-architecture/references/task-protocol.md: sha256:51665c1958528cc520b461cf1ec7faa1c1976aed4e21bbe5bc440480d165eb60
    .agents/skills/technical-writing/SKILL.md: sha256:2031d637a3cee40b3e29987c9825e87fd6e5b749e9ba13e3e551e79a79a5a4d0
    .agents/skills/technical-writing/assets/document-design-template.md: sha256:12c28a9375190e783ee2ce9492b7b0d6014f984af71252ee6a69df652f840f35
    .agents/skills/technical-writing/assets/documentation-structure-template.md: sha256:5b85bd99aaa3ea138552f2d5ecd6f6e5fc8ebaad4627b33ac73e1ef5d7b3ba6f
    .codex/agents/analyst.toml: sha256:16bf5e67f36382bc482d597e7a4bb3db1c57aef2222dfeee055affe8daac2153
    .codex/agents/legal.toml: sha256:8f9e2b09b13e26821fa86963442c24c6acd79dc4d0f05cc6869d2c1e3fb851ac
    .codex/agents/normalizer.toml: sha256:e4564cf987fd974833fa5bf2d879d8d8b1db357457eb284ca097670562fded55
    .codex/agents/project-manager.toml: sha256:c69b04f273d70156e107638fe8c46e822271c25f91d66cdd6df456631d4a465d
    .codex/agents/requirements-analyst.toml: sha256:3f056b9793fb7edaa5e3afd5b2facb0f213cf0096e4b5bb1d65a8be1a83546d8
    .codex/agents/software-architect.toml: sha256:7e5f784ac2ddf39333b4ac0d770aa5e94c641ad63c6b45eecf2ec50c4481ec62
    .codex/agents/source-inventory.toml: sha256:e219b8a3da50480d458cce6e050360ee7419eccb3ce5727ff1788ccb34371ba4
    .codex/agents/statement-extractor.toml: sha256:1c4c38aa335c5dfbcb4d24ab0ed6f80be011d8be4c13b03bc5189e92ffdf5581
    .codex/agents/technical-writer.toml: sha256:1f027cc073f18df723fd661190f043bd2e98a2e0ca6e35f8a09d7056b1d87434
  content_hash: sha256:f8d7a5c2bdcde21b505d0954122bbc884df7daadd1fe4e3de1c67b7b5cf7b3de
- repo_url: mekras/ai-russian-language
  host: github.com
  resolved_commit: 91a6561a300769a4f0a35ca9a88b6263171ec1ab
  resolved_ref: ^1.1.2
  package_type: apm_package
  content_hash: sha256:8f7f5ae297020bedd8430c7d014d5b3375c04e9f12011ace1ddccde56d4950c2
- repo_url: mekras/project-knowlege-corpus
  host: github.com
  resolved_commit: be55503ca8e294dc9a118320e2a4b12c76949e9b
  resolved_ref: ^0.2.0
  package_type: skill_bundle
  content_hash: sha256:96fd1f0740afb5669d54ae66f9360cfdcb7f71d149d6a6b1a8ad8f97a94a3a8a
- repo_url: talkstream/ru-text
  host: github.com
  resolved_commit: ffacdb942ca15d4cb33f27a6a7512e70e3c1dcf4
  resolved_ref: ^1.8.0
  package_type: marketplace_plugin
  deployed_files:
  - .agents/skills/ru-text
  - .agents/skills/ru-text/.claude-plugin/marketplace.json
  - .agents/skills/ru-text/.claude-plugin/plugin.json
  - .agents/skills/ru-text/.codex-plugin/plugin.json
  - .agents/skills/ru-text/.cursor-plugin/plugin.json
  - .agents/skills/ru-text/.github/FUNDING.yml
  - .agents/skills/ru-text/.github/ISSUE_TEMPLATE/bug_report.md
  - .agents/skills/ru-text/.github/ISSUE_TEMPLATE/config.yml
  - .agents/skills/ru-text/.github/ISSUE_TEMPLATE/feature_request.md
  - .agents/skills/ru-text/.gitignore
  - .agents/skills/ru-text/CHANGELOG.md
  - .agents/skills/ru-text/CONTRIBUTING.md
  - .agents/skills/ru-text/LICENSE
  - .agents/skills/ru-text/PRIVACY_POLICY.md
  - .agents/skills/ru-text/README.md
  - .agents/skills/ru-text/README.ru.md
  - .agents/skills/ru-text/SKILL.md
  - .agents/skills/ru-text/Social Preview 1280x640.png
  - .agents/skills/ru-text/apm.yml
  - .agents/skills/ru-text/assets/icon.png
  - .agents/skills/ru-text/commands/ru-check.md
  - .agents/skills/ru-text/commands/ru-score.md
  - .agents/skills/ru-text/gemini-extension.json
  - .agents/skills/ru-text/logo-round.png
  - .agents/skills/ru-text/notion/README.md
  - .agents/skills/ru-text/notion/ru-text-notion-skill.md
  - .agents/skills/ru-text/openclaw.plugin.json
  - .agents/skills/ru-text/skills/ru-text/SKILL.md
  - .agents/skills/ru-text/skills/ru-text/agents/gemini.yaml
  - .agents/skills/ru-text/skills/ru-text/agents/openai.yaml
  - .agents/skills/ru-text/skills/ru-text/references/addenda.md
  - .agents/skills/ru-text/skills/ru-text/references/anti-patterns.md
  - .agents/skills/ru-text/skills/ru-text/references/business-writing.md
  - .agents/skills/ru-text/skills/ru-text/references/editorial-grammar.md
  - .agents/skills/ru-text/skills/ru-text/references/editorial-punctuation.md
  - .agents/skills/ru-text/skills/ru-text/references/info-style.md
  - .agents/skills/ru-text/skills/ru-text/references/scoring.md
  - .agents/skills/ru-text/skills/ru-text/references/sources.md
  - .agents/skills/ru-text/skills/ru-text/references/typography.md
  - .agents/skills/ru-text/skills/ru-text/references/ux-writing.md
  deployed_file_hashes:
    .agents/skills/ru-text/.claude-plugin/marketplace.json: sha256:658cb8812ddf947a8b50620bdf87e791eaf2d9496d4f03b4d708a3e671cbfe80
    .agents/skills/ru-text/.claude-plugin/plugin.json: sha256:20efe322b4bfe176debe1d2fa9003e2772090900d1ff590983f2424327774bf8
    .agents/skills/ru-text/.codex-plugin/plugin.json: sha256:ce68645a2729742727f27a140a36b708109f3d3b2a51175ed82e6148f15b0548
    .agents/skills/ru-text/.cursor-plugin/plugin.json: sha256:86953cbfe9c350c3ec74b49c7f8a3dff2d7ed191f3548b88f847a484cc39d4b8
    .agents/skills/ru-text/.github/FUNDING.yml: sha256:b0f6a5dbb2568abb70854a6f8f449fcc49ed6dfb69a17565e177a39e740c6835
    .agents/skills/ru-text/.github/ISSUE_TEMPLATE/bug_report.md: sha256:fc033f10d2bd007306e2415438038b5bf4fdd6f9b313cce20fdcfe54859f07c9
    .agents/skills/ru-text/.github/ISSUE_TEMPLATE/config.yml: sha256:72f68aebad5a7fa354a1037c671a749a8fc4f96b9b3f8362f8de3acf0cb80c23
    .agents/skills/ru-text/.github/ISSUE_TEMPLATE/feature_request.md: sha256:d58fd0fb67342e2698d99bd50dd6dea70acef98f031c66308301d4fd1b4fde69
    .agents/skills/ru-text/.gitignore: sha256:0cf4d7528821991c647b300d2ea43025f16956a04024014b393a43de3643b671
    .agents/skills/ru-text/CHANGELOG.md: sha256:829f339a05d4a8886af7932c8b856b4eb137e433a83a902daf8b2a83f93459bb
    .agents/skills/ru-text/CONTRIBUTING.md: sha256:2407257cec2a6867e770065ddb6937ac872ad1ab3fed95dba9926538fd18f7f4
    .agents/skills/ru-text/LICENSE: sha256:37ea601e35a544e6a4b08b1c5cb126543b2ea6dc14b23620f12bdc11a00ba839
    .agents/skills/ru-text/PRIVACY_POLICY.md: sha256:87d75495d9d7f5c68e3fa378f0a63eff8f72c13116c72e6ec9fcbdaea9bf4672
    .agents/skills/ru-text/README.md: sha256:5d3af9e3b0da7d7970768a152c735e78feee7ecc5857c82dbe870bf7389ad692
    .agents/skills/ru-text/README.ru.md: sha256:9b29985dec339ccc0029fb4d0bfac7c2b85103fb31279ec11669aa9bd2dc9593
    .agents/skills/ru-text/SKILL.md: sha256:5c7668df95bae18b6c9564ebc585cb3e548cf7d3e53657a8a3dacab9957c3bd1
    .agents/skills/ru-text/Social Preview 1280x640.png: sha256:a1fc6df71908a64e9112f56fbed4701c269e47ecdeeec3f547b6d90cfb587bd0
    .agents/skills/ru-text/apm.yml: sha256:ea22084109765478e439f6cee62e30cde37fb0542637c84828aeb1c0c5b638a0
    .agents/skills/ru-text/assets/icon.png: sha256:4780b3ee7a078f0cb40eb9979639ba3b992f10a393996a093592aa3a5b7422ae
    .agents/skills/ru-text/commands/ru-check.md: sha256:ad60056f9fdf290500bad8f0a27b958ca6a80f0657526ec626b46fd2306b0ea3
    .agents/skills/ru-text/commands/ru-score.md: sha256:9d7e6a71102a3ef4afe29bd34bc938d5040f67faa580f8b2354d7022b97477bd
    .agents/skills/ru-text/gemini-extension.json: sha256:15e0db68bc9739463b081790ab68fb48f5ecf921c9a7fb5fc5609375be031616
    .agents/skills/ru-text/logo-round.png: sha256:fa2e971d8c6b3ff424adae80df56e66386b74d45f45ab781b44eca42ad09a5b5
    .agents/skills/ru-text/notion/README.md: sha256:2c10664496837d390a042c2103856ba4cb140ef15bd2a081744690c53a82c250
    .agents/skills/ru-text/notion/ru-text-notion-skill.md: sha256:9e731c1a3ebb7a3bd68b9f11948f3b44ac46a1ddf465a9a90d9ab50bac61ace4
    .agents/skills/ru-text/openclaw.plugin.json: sha256:3c2c9bfe50d8eb8dc1f7475078dd6b3b440da89c4915e3c653d81641dd2ad87d
    .agents/skills/ru-text/skills/ru-text/SKILL.md: sha256:5c7668df95bae18b6c9564ebc585cb3e548cf7d3e53657a8a3dacab9957c3bd1
    .agents/skills/ru-text/skills/ru-text/agents/gemini.yaml: sha256:8ad0bb037ef842431ba01adab0642a2211d8775eeb34465bc1d60534e481f978
    .agents/skills/ru-text/skills/ru-text/agents/openai.yaml: sha256:4337e973231e6ab7337fdd86def0c7617b3346e01de74b7938c1613fe5d927a6
    .agents/skills/ru-text/skills/ru-text/references/addenda.md: sha256:0876a6f8da9c9f3fd2e3b4caca8d79783001f27cc22dab752f9669c9fa95aef7
    .agents/skills/ru-text/skills/ru-text/references/anti-patterns.md: sha256:54596a7f4940b2834e341ccc08d6d6dbe30f6233cc072ea86b00dc36b46defc8
    .agents/skills/ru-text/skills/ru-text/references/business-writing.md: sha256:689895e01768e129b38ffebf0dff14f577c32b677040d361d301a561fc97b2ae
    .agents/skills/ru-text/skills/ru-text/references/editorial-grammar.md: sha256:d857ea5ba7bedeba36fe7b788b1f56804b47a76568bef73c886e6e4ec3ec04c7
    .agents/skills/ru-text/skills/ru-text/references/editorial-punctuation.md: sha256:58880ac5679b125f7b41cabe2346821f098c6cb6258b6c712aa1cd8219f7dfc8
    .agents/skills/ru-text/skills/ru-text/references/info-style.md: sha256:ed6245ebe84db3cb57d3b4ddf1fae5646dae13003fdb2d084c0bb9886390d4d2
    .agents/skills/ru-text/skills/ru-text/references/scoring.md: sha256:4f6ee4d671e3af73679d28680e983e41f8d5f1301b12cfecce5528bc3ee8bc64
    .agents/skills/ru-text/skills/ru-text/references/sources.md: sha256:008e6bb32e64877b91d06eeb81e3e369004a29d03627550439215165d795045b
    .agents/skills/ru-text/skills/ru-text/references/typography.md: sha256:aca2f9bfa0c829778dcfcc0d6597636eead05f7c51f3d2001215e9cad700835f
    .agents/skills/ru-text/skills/ru-text/references/ux-writing.md: sha256:5642f3880cf21d0812907c4e05fd93b67e28411e0ebfd724bf546e832a8010a7
  content_hash: sha256:bc546b39af2f18917c3ddad49191700687fbb0fd6c4f6c4a968be8168d361f53
